
Microsoft Visual Studio Solution File, Format Version 12.00
# Visual Studio Version 17
VisualStudioVersion = 17.11.35312.102
MinimumVisualStudioVersion = 10.0.40219.1
Project("{FAE04EC0-301F-11D3-BF4B-00C04F79EFBC}") = "TareasGant.Backend", "TareasGant.Backend\TareasGant.Backend.csproj", "{7BB1088A-FEC9-404A-B649-B95271A475CE}"
EndProject
Global
	GlobalSection(SolutionConfigurationPlatforms) = preSolution
		Debug|Any CPU = Debug|Any CPU
		Release|Any CPU = Release|Any CPU
	EndGlobalSection
	GlobalSection(ProjectConfigurationPlatforms) = postSolution
		{7BB1088A-FEC9-404A-B649-B95271A475CE}.Debug|Any CPU.ActiveCfg = Debug|Any CPU
		{7BB1088A-FEC9-404A-B649-B95271A475CE}.Debug|Any CPU.Build.0 = Debug|Any CPU
		{7BB1088A-FEC9-404A-B649-B95271A475CE}.Release|Any CPU.ActiveCfg = Release|Any CPU
		{7BB1088A-FEC9-404A-B649-B95271A475CE}.Release|Any CPU.Build.0 = Release|Any CPU
	EndGlobalSection
	GlobalSection(SolutionProperties) = preSolution
		HideSolutionNode = FALSE
	EndGlobalSection
	GlobalSection(ExtensibilityGlobals) = postSolution
		SolutionGuid = {220C6341-B2F3-45CC-9676-AE478F04AA99}
	EndGlobalSection
EndGlobal
